{
  "nodes": {
    "nixpkgs": {
      "locked": {
        "lastModified": 1750969886,
        "narHash": "sha256-zW/OFnotiz/ndPFdebpo3X0CrbVNf22n4DjN2vxlb58=",
        "owner": "NixOS",
        "repo": "nixpkgs",
        "rev": "a676066377a2fe7457369dd37c31fd2263b662f4",
        "type": "github"
      },
      "original": {
        "owner": "NixOS",
        "ref": "nixos-25.05",
        "repo": "nixpkgs",
        "type": "github"
      }
    },
    "nixpkgs-unstable": {
      "locked": {
        "lastModified": 1751625545,
        "narHash": "sha256-4E7wWftF1ExK5ZEDzj41+9mVgxtuRV3wWCId7QAYMAU=",
        "owner": "NixOS",
        "repo": "nixpkgs",
        "rev": "c860cf0b3a0829f0f6cf344ca8de83a2bbfab428",
        "type": "github"
      },
      "original": {
        "owner": "NixOS",
        "ref": "nixpkgs-unstable",
        "repo": "nixpkgs",
        "type": "github"
      }
    },
    "root": {
      "inputs": {
        "nixpkgs": "nixpkgs",
        "nixpkgs-unstable": "nixpkgs-unstable"
      }
    }
  },
  "root": "root",
  "version": 7
}
